
Microsoft Visual Studio Solution File, Format Version 12.00
# Visual Studio 2013
VisualStudioVersion = 12.0.31101.0
MinimumVisualStudioVersion = 10.0.40219.1
Project("{8BC9CEB8-8B4A-11D0-8D11-00A0C91BC942}") = "ENF", "ENF\ENF.vcxproj", "{F86DC325-F193-4C97-9844-CADED101628F}"
EndProject
Global
	GlobalSection(SolutionConfigurationPlatforms) = preSolution
		Debug|Win32 = Debug|Win32
		Release|Win32 = Release|Win32
	EndGlobalSection
	GlobalSection(ProjectConfigurationPlatforms) = postSolution
		{F86DC325-F193-4C97-9844-CADED101628F}.Debug|Win32.ActiveCfg = Debug|Win32
		{F86DC325-F193-4C97-9844-CADED101628F}.Debug|Win32.Build.0 = Debug|Win32
		{F86DC325-F193-4C97-9844-CADED101628F}.Release|Win32.ActiveCfg = Release|Win32
		{F86DC325-F193-4C97-9844-CADED101628F}.Release|Win32.Build.0 = Release|Win32
	EndGlobalSection
	GlobalSection(SolutionProperties) = preSolution
		HideSolutionNode = FALSE
	EndGlobalSection
EndGlobal
