
Microsoft Visual Studio Solution File, Format Version 12.00
# Visual Studio 2013
VisualStudioVersion = 12.0.31101.0
MinimumVisualStudioVersion = 10.0.40219.1
Project("{8BC9CEB8-8B4A-11D0-8D11-00A0C91BC942}") = "TextToBinary", "TextToBinary\TextToBinary.vcxproj", "{4A24A6AE-F705-4BE1-A023-707192E2FAA6}"
EndProject
Project("{8BC9CEB8-8B4A-11D0-8D11-00A0C91BC942}") = "TestMemoryLeak", "TestMemoryLeak\TestMemoryLeak.vcxproj", "{86ECB73C-9131-498E-AD1A-D51D3D9765D2}"
EndProject
Project("{8BC9CEB8-8B4A-11D0-8D11-00A0C91BC942}") = "GPU", "GPU\GPU.vcxproj", "{D334E780-5731-4470-A1A1-24111C221A92}"
EndProject
Project("{8BC9CEB8-8B4A-11D0-8D11-00A0C91BC942}") = "Tektronix_read", "Tektronix_read\Tektronix_read.vcxproj", "{2D01D577-3132-4C45-8B2B-D8A594B42E6E}"
EndProject
Project("{8BC9CEB8-8B4A-11D0-8D11-00A0C91BC942}") = "DefineThreshold", "DefineThreshold\DefineThreshold.vcxproj", "{ADFD273B-C5D1-46BC-8782-4FAEEE09097C}"
EndProject
Project("{8BC9CEB8-8B4A-11D0-8D11-00A0C91BC942}") = "CalculateDerivatives", "CalculateDerivatives\CalculateDerivatives.vcxproj", "{7AAD8172-9F7D-4E8C-8780-8EC178C24DE7}"
EndProject
Global
	GlobalSection(SolutionConfigurationPlatforms) = preSolution
		Debug|Win32 = Debug|Win32
		Release|Win32 = Release|Win32
	EndGlobalSection
	GlobalSection(ProjectConfigurationPlatforms) = postSolution
		{4A24A6AE-F705-4BE1-A023-707192E2FAA6}.Debug|Win32.ActiveCfg = Debug|Win32
		{4A24A6AE-F705-4BE1-A023-707192E2FAA6}.Debug|Win32.Build.0 = Debug|Win32
		{4A24A6AE-F705-4BE1-A023-707192E2FAA6}.Release|Win32.ActiveCfg = Release|Win32
		{4A24A6AE-F705-4BE1-A023-707192E2FAA6}.Release|Win32.Build.0 = Release|Win32
		{86ECB73C-9131-498E-AD1A-D51D3D9765D2}.Debug|Win32.ActiveCfg = Debug|Win32
		{86ECB73C-9131-498E-AD1A-D51D3D9765D2}.Debug|Win32.Build.0 = Debug|Win32
		{86ECB73C-9131-498E-AD1A-D51D3D9765D2}.Release|Win32.ActiveCfg = Release|Win32
		{86ECB73C-9131-498E-AD1A-D51D3D9765D2}.Release|Win32.Build.0 = Release|Win32
		{D334E780-5731-4470-A1A1-24111C221A92}.Debug|Win32.ActiveCfg = Debug|Win32
		{D334E780-5731-4470-A1A1-24111C221A92}.Debug|Win32.Build.0 = Debug|Win32
		{D334E780-5731-4470-A1A1-24111C221A92}.Release|Win32.ActiveCfg = Release|Win32
		{D334E780-5731-4470-A1A1-24111C221A92}.Release|Win32.Build.0 = Release|Win32
		{2D01D577-3132-4C45-8B2B-D8A594B42E6E}.Debug|Win32.ActiveCfg = Debug|Win32
		{2D01D577-3132-4C45-8B2B-D8A594B42E6E}.Debug|Win32.Build.0 = Debug|Win32
		{2D01D577-3132-4C45-8B2B-D8A594B42E6E}.Release|Win32.ActiveCfg = Release|Win32
		{2D01D577-3132-4C45-8B2B-D8A594B42E6E}.Release|Win32.Build.0 = Release|Win32
		{ADFD273B-C5D1-46BC-8782-4FAEEE09097C}.Debug|Win32.ActiveCfg = Debug|Win32
		{ADFD273B-C5D1-46BC-8782-4FAEEE09097C}.Debug|Win32.Build.0 = Debug|Win32
		{ADFD273B-C5D1-46BC-8782-4FAEEE09097C}.Release|Win32.ActiveCfg = Release|Win32
		{ADFD273B-C5D1-46BC-8782-4FAEEE09097C}.Release|Win32.Build.0 = Release|Win32
		{7AAD8172-9F7D-4E8C-8780-8EC178C24DE7}.Debug|Win32.ActiveCfg = Debug|Win32
		{7AAD8172-9F7D-4E8C-8780-8EC178C24DE7}.Debug|Win32.Build.0 = Debug|Win32
		{7AAD8172-9F7D-4E8C-8780-8EC178C24DE7}.Release|Win32.ActiveCfg = Release|Win32
		{7AAD8172-9F7D-4E8C-8780-8EC178C24DE7}.Release|Win32.Build.0 = Release|Win32
	EndGlobalSection
	GlobalSection(SolutionProperties) = preSolution
		HideSolutionNode = FALSE
	EndGlobalSection
EndGlobal
